{
  "name": "nihr.hub.web",
  "version": "1.0.0",
  "lockfileVersion": 3,
  "requires": true,
  "packages": {
    "": {
      "name": "nihr.hub.web",
      "version": "1.0.0",
      "license": "ISC",
      "dependencies": {
        "govuk-frontend": "^5.13.0",
        "sortablejs": "^1.15.6"
      }
    },
    "node_modules/govuk-frontend": {
      "version": "5.13.0",
      "resolved": "https://registry.npmjs.org/govuk-frontend/-/govuk-frontend-5.13.0.tgz",
      "integrity": "sha512-6N3pHelWN7wftdM6e4YEzZAfattapa1gnd+Al6d5PUbfTr9D+T2dnphpNpjX75CTEhihlQqlL0RDQ3WIfZ3PSg==",
      "license": "MIT",
      "engines": {
        "node": ">= 4.2.0"
      }
    },
    "node_modules/sortablejs": {
      "version": "1.15.6",
      "resolved": "https://registry.npmjs.org/sortablejs/-/sortablejs-1.15.6.tgz",
      "integrity": "sha512-aNfiuwMEpfBM/CN6LY0ibyhxPfPbyFeBTYJKCvzkJ2GkUpazIt3H+QIPAMHwqQ7tMKaHz1Qj+rJJCqljnf4p3A==",
      "license": "MIT"
    }
  }
}
